
Microsoft Visual Studio Solution File, Format Version 12.00
# Visual Studio Version 16
VisualStudioVersion = 16.0.31911.196
MinimumVisualStudioVersion = 10.0.40219.1
Project("{FAE04EC0-301F-11D3-BF4B-00C04F79EFBC}") = "Interview_Assignment", "Interview_Assignment\Interview_Assignment.csproj", "{F85613F1-1469-4836-875F-5C36CDF3A9CD}"
EndProject
Global
	GlobalSection(SolutionConfigurationPlatforms) = preSolution
		Debug|Any CPU = Debug|Any CPU
		Release|Any CPU = Release|Any CPU
	EndGlobalSection
	GlobalSection(ProjectConfigurationPlatforms) = postSolution
		{F85613F1-1469-4836-875F-5C36CDF3A9CD}.Debug|Any CPU.ActiveCfg = Debug|Any CPU
		{F85613F1-1469-4836-875F-5C36CDF3A9CD}.Debug|Any CPU.Build.0 = Debug|Any CPU
		{F85613F1-1469-4836-875F-5C36CDF3A9CD}.Release|Any CPU.ActiveCfg = Release|Any CPU
		{F85613F1-1469-4836-875F-5C36CDF3A9CD}.Release|Any CPU.Build.0 = Release|Any CPU
	EndGlobalSection
	GlobalSection(SolutionProperties) = preSolution
		HideSolutionNode = FALSE
	EndGlobalSection
	GlobalSection(ExtensibilityGlobals) = postSolution
		SolutionGuid = {ECFE7810-3017-4E77-BB33-0A020CC12B79}
	EndGlobalSection
EndGlobal
